
Microsoft Visual Studio Solution File, Format Version 12.00
# Visual Studio Version 16
VisualStudioVersion = 16.0.30503.244
MinimumVisualStudioVersion = 10.0.40219.1
Project("{FAE04EC0-301F-11D3-BF4B-00C04F79EFBC}") = "FirstEF6App", "FirstEF6App\FirstEF6App.csproj", "{727113A2-B2D6-4DE5-A3B2-956F5D84A4AD}"
EndProject
Global
	GlobalSection(SolutionConfigurationPlatforms) = preSolution
		Debug|Any CPU = Debug|Any CPU
		Release|Any CPU = Release|Any CPU
	EndGlobalSection
	GlobalSection(ProjectConfigurationPlatforms) = postSolution
		{727113A2-B2D6-4DE5-A3B2-956F5D84A4AD}.Debug|Any CPU.ActiveCfg = Debug|Any CPU
		{727113A2-B2D6-4DE5-A3B2-956F5D84A4AD}.Debug|Any CPU.Build.0 = Debug|Any CPU
		{727113A2-B2D6-4DE5-A3B2-956F5D84A4AD}.Release|Any CPU.ActiveCfg = Release|Any CPU
		{727113A2-B2D6-4DE5-A3B2-956F5D84A4AD}.Release|Any CPU.Build.0 = Release|Any CPU
	EndGlobalSection
	GlobalSection(SolutionProperties) = preSolution
		HideSolutionNode = FALSE
	EndGlobalSection
	GlobalSection(ExtensibilityGlobals) = postSolution
		SolutionGuid = {59EC09FD-8124-4996-83B8-FBEED58CCE32}
	EndGlobalSection
EndGlobal
